
Microsoft Visual Studio Solution File, Format Version 12.00
Project("{FAE04EC0-301F-11D3-BF4B-00C04F79EFBC}") = "IdentityMvc", "IdentityMvc\IdentityMvc.csproj", "{6FEAEA78-3C6D-4E5E-9D17-D60D8BD5105B}"
EndProject
Global
	GlobalSection(SolutionConfigurationPlatforms) = preSolution
		Debug|Any CPU = Debug|Any CPU
		Release|Any CPU = Release|Any CPU
	EndGlobalSection
	GlobalSection(ProjectConfigurationPlatforms) = postSolution
		{6FEAEA78-3C6D-4E5E-9D17-D60D8BD5105B}.Debug|Any CPU.ActiveCfg = Debug|Any CPU
		{6FEAEA78-3C6D-4E5E-9D17-D60D8BD5105B}.Debug|Any CPU.Build.0 = Debug|Any CPU
		{6FEAEA78-3C6D-4E5E-9D17-D60D8BD5105B}.Release|Any CPU.ActiveCfg = Release|Any CPU
		{6FEAEA78-3C6D-4E5E-9D17-D60D8BD5105B}.Release|Any CPU.Build.0 = Release|Any CPU
	EndGlobalSection
EndGlobal
